
Microsoft Visual Studio Solution File, Format Version 12.00
# Visual Studio Version 16
VisualStudioVersion = 16.0.32106.194
MinimumVisualStudioVersion = 10.0.40219.1
Project("{FAE04EC0-301F-11D3-BF4B-00C04F79EFBC}") = "Lab 16.2 Deserialize", "Lab 16.2 Deserialize\Lab 16.2 Deserialize.csproj", "{53D6950B-2B3A-4A13-AFEE-96236BFB9041}"
EndProject
Global
	GlobalSection(SolutionConfigurationPlatforms) = preSolution
		Debug|Any CPU = Debug|Any CPU
		Release|Any CPU = Release|Any CPU
	EndGlobalSection
	GlobalSection(ProjectConfigurationPlatforms) = postSolution
		{53D6950B-2B3A-4A13-AFEE-96236BFB9041}.Debug|Any CPU.ActiveCfg = Debug|Any CPU
		{53D6950B-2B3A-4A13-AFEE-96236BFB9041}.Debug|Any CPU.Build.0 = Debug|Any CPU
		{53D6950B-2B3A-4A13-AFEE-96236BFB9041}.Release|Any CPU.ActiveCfg = Release|Any CPU
		{53D6950B-2B3A-4A13-AFEE-96236BFB9041}.Release|Any CPU.Build.0 = Release|Any CPU
	EndGlobalSection
	GlobalSection(SolutionProperties) = preSolution
		HideSolutionNode = FALSE
	EndGlobalSection
	GlobalSection(ExtensibilityGlobals) = postSolution
		SolutionGuid = {1EE30C58-5B4C-4D9D-A44B-015F63FCC434}
	EndGlobalSection
EndGlobal
